// !$*UTF8*$!
{
	archiveVersion = 1;
	classes = {
	};
	objectVersion = 50;
	objects = {

/* Begin PBXBuildFile section */
		40653D7B23DCCDB000178F39 /* AppDelegate.swift in Sources */ = {isa = PBXBuildFile; fileRef = 40653D7A23DCCDB000178F39 /* AppDelegate.swift */; };
		40653D7D23DCCDB000178F39 /* SceneDelegate.swift in Sources */ = {isa = PBXBuildFile; fileRef = 40653D7C23DCCDB000178F39 /* SceneDelegate.swift */; };
		40653D7F23DCCDB000178F39 /* ViewController.swift in Sources */ = {isa = PBXBuildFile; fileRef = 40653D7E23DCCDB000178F39 /* ViewController.swift */; };
		40653D8223DCCDB000178F39 /* Main.storyboard in Resources */ = {isa = PBXBuildFile; fileRef = 40653D8023DCCDB000178F39 /* Main.storyboard */; };
		40653D8423DCCDB100178F39 /* Assets.xcassets in Resources */ = {isa = PBXBuildFile; fileRef = 40653D8323DCCDB100178F39 /* Assets.xcassets */; };
		40653D8723DCCDB100178F39 /* LaunchScreen.storyboard in Resources */ = {isa = PBXBuildFile; fileRef = 40653D8523DCCDB100178F39 /* LaunchScreen.storyboard */; };
		40653D9223DCCDB200178F39 /* PresentationGeneratorSwiftTests.swift in Sources */ = {isa = PBXBuildFile; fileRef = 40653D9123DCCDB200178F39 /* PresentationGeneratorSwiftTests.swift */; };
		40653D9D23DCCDB200178F39 /* PresentationGeneratorSwiftUITests.swift in Sources */ = {isa = PBXBuildFile; fileRef = 40653D9C23DCCDB200178F39 /* PresentationGeneratorSwiftUITests.swift */; };
		40653DAB23DCCE4B00178F39 /* TextViewController.swift in Sources */ = {isa = PBXBuildFile; fileRef = 40653DAA23DCCE4B00178F39 /* TextViewController.swift */; };
/* End PBXBuildFile section */

/* Begin PBXContainerItemProxy section */
		40653D8E23DCCDB200178F39 /* PBXContainerItemProxy */ = {
			isa = PBXContainerItemProxy;
			containerPortal = 40653D6F23DCCDB000178F39 /* Project object */;
			proxyType = 1;
			remoteGlobalIDString = 40653D7623DCCDB000178F39;
			remoteInfo = PresentationGeneratorSwift;
		};
		40653D9923DCCDB200178F39 /* PBXContainerItemProxy */ = {
			isa = PBXContainerItemProxy;
			containerPortal = 40653D6F23DCCDB000178F39 /* Project object */;
			proxyType = 1;
			remoteGlobalIDString = 40653D7623DCCDB000178F39;
			remoteInfo = PresentationGeneratorSwift;
		};
/* End PBXContainerItemProxy section */

/* Begin PBXFileReference section */
		40653D7723DCCDB000178F39 /* PresentationGeneratorSwift.app */ = {isa = PBXFileReference; explicitFileType = wrapper.application; includeInIndex = 0; path = PresentationGeneratorSwift.app; sourceTree = BUILT_PRODUCTS_DIR; };
		40653D7A23DCCDB000178F39 /* AppDelegate.swift */ = {isa = PBXFileReference; lastKnownFileType = sourcecode.swift; path = AppDelegate.swift; sourceTree = "<group>"; };
		40653D7C23DCCDB000178F39 /* SceneDelegate.swift */ = {isa = PBXFileReference; lastKnownFileType = sourcecode.swift; path = SceneDelegate.swift; sourceTree = "<group>"; };
		40653D7E23DCCDB000178F39 /* ViewController.swift */ = {isa = PBXFileReference; lastKnownFileType = sourcecode.swift; path = ViewController.swift; sourceTree = "<group>"; };
		40653D8123DCCDB000178F39 /* Base */ = {isa = PBXFileReference; lastKnownFileType = file.storyboard; name = Base; path = Base.lproj/Main.storyboard; sourceTree = "<group>"; };
		40653D8323DCCDB100178F39 /* Assets.xcassets */ = {isa = PBXFileReference; lastKnownFileType = folder.assetcatalog; path = Assets.xcassets; sourceTree = "<group>"; };
		40653D8623DCCDB100178F39 /* Base */ = {isa = PBXFileReference; lastKnownFileType = file.storyboard; name = Base; path = Base.lproj/LaunchScreen.storyboard; sourceTree = "<group>"; };
		40653D8823DCCDB100178F39 /* Info.plist */ = {isa = PBXFileReference; lastKnownFileType = text.plist.xml; path = Info.plist; sourceTree = "<group>"; };
		40653D8D23DCCDB200178F39 /* PresentationGeneratorSwiftTests.xctest */ = {isa = PBXFileReference; explicitFileType = wrapper.cfbundle; includeInIndex = 0; path = PresentationGeneratorSwiftTests.xctest; sourceTree = BUILT_PRODUCTS_DIR; };
		40653D9123DCCDB200178F39 /* PresentationGeneratorSwiftTests.swift */ = {isa = PBXFileReference; lastKnownFileType = sourcecode.swift; path = PresentationGeneratorSwiftTests.swift; sourceTree = "<group>"; };
		40653D9323DCCDB200178F39 /* Info.plist */ = {isa = PBXFileReference; lastKnownFileType = text.plist.xml; path = Info.plist; sourceTree = "<group>"; };
		40653D9823DCCDB200178F39 /* PresentationGeneratorSwiftUITests.xctest */ = {isa = PBXFileReference; explicitFileType = wrapper.cfbundle; includeInIndex = 0; path = PresentationGeneratorSwiftUITests.xctest; sourceTree = BUILT_PRODUCTS_DIR; };
		40653D9C23DCCDB200178F39 /* PresentationGeneratorSwiftUITests.swift */ = {isa = PBXFileReference; lastKnownFileType = sourcecode.swift; path = PresentationGeneratorSwiftUITests.swift; sourceTree = "<group>"; };
		40653D9E23DCCDB200178F39 /* Info.plist */ = {isa = PBXFileReference; lastKnownFileType = text.plist.xml; path = Info.plist; sourceTree = "<group>"; };
		40653DAA23DCCE4B00178F39 /* TextViewController.swift */ = {isa = PBXFileReference; lastKnownFileType = sourcecode.swift; path = TextViewController.swift; sourceTree = "<group>"; };
/* End PBXFileReference section */

/* Begin PBXFrameworksBuildPhase section */
		40653D7423DCCDB000178F39 /* Frameworks */ = {
			isa = PBXFrameworksBuildPhase;
			buildActionMask = 2147483647;
			files = (
			);
			runOnlyForDeploymentPostprocessing = 0;
		};
		40653D8A23DCCDB200178F39 /* Frameworks */ = {
			isa = PBXFrameworksBuildPhase;
			buildActionMask = 2147483647;
			files = (
			);
			runOnlyForDeploymentPostprocessing = 0;
		};
		40653D9523DCCDB200178F39 /* Frameworks */ = {
			isa = PBXFrameworksBuildPhase;
			buildActionMask = 2147483647;
			files = (
			);
			runOnlyForDeploymentPostprocessing = 0;
		};
/* End PBXFrameworksBuildPhase section */

/* Begin PBXGroup section */
		40653D6E23DCCDB000178F39 = {
			isa = PBXGroup;
			children = (
				40653D7923DCCDB000178F39 /* PresentationGeneratorSwift */,
				40653D9023DCCDB200178F39 /* PresentationGeneratorSwiftTests */,
				40653D9B23DCCDB200178F39 /* PresentationGeneratorSwiftUITests */,
				40653D7823DCCDB000178F39 /* Products */,
			);
			sourceTree = "<group>";
		};
		40653D7823DCCDB000178F39 /* Products */ = {
			isa = PBXGroup;
			children = (
				40653D7723DCCDB000178F39 /* PresentationGeneratorSwift.app */,
				40653D8D23DCCDB200178F39 /* PresentationGeneratorSwiftTests.xctest */,
				40653D9823DCCDB200178F39 /* PresentationGeneratorSwiftUITests.xctest */,
			);
			name = Products;
			sourceTree = "<group>";
		};
		40653D7923DCCDB000178F39 /* PresentationGeneratorSwift */ = {
			isa = PBXGroup;
			children = (
				40653D7A23DCCDB000178F39 /* AppDelegate.swift */,
				40653D7C23DCCDB000178F39 /* SceneDelegate.swift */,
				40653D7E23DCCDB000178F39 /* ViewController.swift */,
				40653D8023DCCDB000178F39 /* Main.storyboard */,
				40653DAA23DCCE4B00178F39 /* TextViewController.swift */,
				40653D8323DCCDB100178F39 /* Assets.xcassets */,
				40653D8523DCCDB100178F39 /* LaunchScreen.storyboard */,
				40653D8823DCCDB100178F39 /* Info.plist */,
			);
			path = PresentationGeneratorSwift;
			sourceTree = "<group>";
		};
		40653D9023DCCDB200178F39 /* PresentationGeneratorSwiftTests */ = {
			isa = PBXGroup;
			children = (
				40653D9123DCCDB200178F39 /* PresentationGeneratorSwiftTests.swift */,
				40653D9323DCCDB200178F39 /* Info.plist */,
			);
			path = PresentationGeneratorSwiftTests;
			sourceTree = "<group>";
		};
		40653D9B23DCCDB200178F39 /* PresentationGeneratorSwiftUITests */ = {
			isa = PBXGroup;
			children = (
				40653D9C23DCCDB200178F39 /* PresentationGeneratorSwiftUITests.swift */,
				40653D9E23DCCDB200178F39 /* Info.plist */,
			);
			path = PresentationGeneratorSwiftUITests;
			sourceTree = "<group>";
		};
/* End PBXGroup section */

/* Begin PBXNativeTarget section */
		40653D7623DCCDB000178F39 /* PresentationGeneratorSwift */ = {
			isa = PBXNativeTarget;
			buildConfigurationList = 40653DA123DCCDB200178F39 /* Build configuration list for PBXNativeTarget "PresentationGeneratorSwift" */;
			buildPhases = (
				40653D7323DCCDB000178F39 /* Sources */,
				40653D7423DCCDB000178F39 /* Frameworks */,
				40653D7523DCCDB000178F39 /* Resources */,
			);
			buildRules = (
			);
			dependencies = (
			);
			name = PresentationGeneratorSwift;
			productName = PresentationGeneratorSwift;
			productReference = 40653D7723DCCDB000178F39 /* PresentationGeneratorSwift.app */;
			productType = "com.apple.product-type.application";
		};
		40653D8C23DCCDB200178F39 /* PresentationGeneratorSwiftTests */ = {
			isa = PBXNativeTarget;
			buildConfigurationList = 40653DA423DCCDB200178F39 /* Build configuration list for PBXNativeTarget "PresentationGeneratorSwiftTests" */;
			buildPhases = (
				40653D8923DCCDB200178F39 /* Sources */,
				40653D8A23DCCDB200178F39 /* Frameworks */,
				40653D8B23DCCDB200178F39 /* Resources */,
			);
			buildRules = (
			);
			dependencies = (
				40653D8F23DCCDB200178F39 /* PBXTargetDependency */,
			);
			name = PresentationGeneratorSwiftTests;
			productName = PresentationGeneratorSwiftTests;
			productReference = 40653D8D23DCCDB200178F39 /* PresentationGeneratorSwiftTests.xctest */;
			productType = "com.apple.product-type.bundle.unit-test";
		};
		40653D9723DCCDB200178F39 /* PresentationGeneratorSwiftUITests */ = {
			isa = PBXNativeTarget;
			buildConfigurationList = 40653DA723DCCDB200178F39 /* Build configuration list for PBXNativeTarget "PresentationGeneratorSwiftUITests" */;
			buildPhases = (
				40653D9423DCCDB200178F39 /* Sources */,
				40653D9523DCCDB200178F39 /* Frameworks */,
				40653D9623DCCDB200178F39 /* Resources */,
			);
			buildRules = (
			);
			dependencies = (
				40653D9A23DCCDB200178F39 /* PBXTargetDependency */,
			);
			name = PresentationGeneratorSwiftUITests;
			productName = PresentationGeneratorSwiftUITests;
			productReference = 40653D9823DCCDB200178F39 /* PresentationGeneratorSwiftUITests.xctest */;
			productType = "com.apple.product-type.bundle.ui-testing";
		};
/* End PBXNativeTarget section */

/* Begin PBXProject section */
		40653D6F23DCCDB000178F39 /* Project object */ = {
			isa = PBXProject;
			attributes = {
				LastSwiftUpdateCheck = 1130;
				LastUpgradeCheck = 1130;
				ORGANIZATIONNAME = Tony;
				TargetAttributes = {
					40653D7623DCCDB000178F39 = {
						CreatedOnToolsVersion = 11.3.1;
					};
					40653D8C23DCCDB200178F39 = {
						CreatedOnToolsVersion = 11.3.1;
						TestTargetID = 40653D7623DCCDB000178F39;
					};
					40653D9723DCCDB200178F39 = {
						CreatedOnToolsVersion = 11.3.1;
						TestTargetID = 40653D7623DCCDB000178F39;
					};
				};
			};
			buildConfigurationList = 40653D7223DCCDB000178F39 /* Build configuration list for PBXProject "PresentationGeneratorSwift" */;
			compatibilityVersion = "Xcode 9.3";
			developmentRegion = en;
			hasScannedForEncodings = 0;
			knownRegions = (
				en,
				Base,
			);
			mainGroup = 40653D6E23DCCDB000178F39;
			productRefGroup = 40653D7823DCCDB000178F39 /* Products */;
			projectDirPath = "";
			projectRoot = "";
			targets = (
				40653D7623DCCDB000178F39 /* PresentationGeneratorSwift */,
				40653D8C23DCCDB200178F39 /* PresentationGeneratorSwiftTests */,
				40653D9723DCCDB200178F39 /* PresentationGeneratorSwiftUITests */,
			);
		};
/* End PBXProject section */

/* Begin PBXResourcesBuildPhase section */
		40653D7523DCCDB000178F39 /* Resources */ = {
			isa = PBXResourcesBuildPhase;
			buildActionMask = 2147483647;
			files = (
				40653D8723DCCDB100178F39 /* LaunchScreen.storyboard in Resources */,
				40653D8423DCCDB100178F39 /* Assets.xcassets in Resources */,
				40653D8223DCCDB000178F39 /* Main.storyboard in Resources */,
			);
			runOnlyForDeploymentPostprocessing = 0;
		};
		40653D8B23DCCDB200178F39 /* Resources */ = {
			isa = PBXResourcesBuildPhase;
			buildActionMask = 2147483647;
			files = (
			);
			runOnlyForDeploymentPostprocessing = 0;
		};
		40653D9623DCCDB200178F39 /* Resources */ = {
			isa = PBXResourcesBuildPhase;
			buildActionMask = 2147483647;
			files = (
			);
			runOnlyForDeploymentPostprocessing = 0;
		};
/* End PBXResourcesBuildPhase section */

/* Begin PBXSourcesBuildPhase section */
		40653D7323DCCDB000178F39 /* Sources */ = {
			isa = PBXSourcesBuildPhase;
			buildActionMask = 2147483647;
			files = (
				40653D7F23DCCDB000178F39 /* ViewController.swift in Sources */,
				40653D7B23DCCDB000178F39 /* AppDelegate.swift in Sources */,
				40653D7D23DCCDB000178F39 /* SceneDelegate.swift in Sources */,
				40653DAB23DCCE4B00178F39 /* TextViewController.swift in Sources */,
			);
			runOnlyForDeploymentPostprocessing = 0;
		};
		40653D8923DCCDB200178F39 /* Sources */ = {
			isa = PBXSourcesBuildPhase;
			buildActionMask = 2147483647;
			files = (
				40653D9223DCCDB200178F39 /* PresentationGeneratorSwiftTests.swift in Sources */,
			);
			runOnlyForDeploymentPostprocessing = 0;
		};
		40653D9423DCCDB200178F39 /* Sources */ = {
			isa = PBXSourcesBuildPhase;
			buildActionMask = 2147483647;
			files = (
				40653D9D23DCCDB200178F39 /* PresentationGeneratorSwiftUITests.swift in Sources */,
			);
			runOnlyForDeploymentPostprocessing = 0;
		};
/* End PBXSourcesBuildPhase section */

/* Begin PBXTargetDependency section */
		40653D8F23DCCDB200178F39 /* PBXTargetDependency */ = {
			isa = PBXTargetDependency;
			target = 40653D7623DCCDB000178F39 /* PresentationGeneratorSwift */;
			targetProxy = 40653D8E23DCCDB200178F39 /* PBXContainerItemProxy */;
		};
		40653D9A23DCCDB200178F39 /* PBXTargetDependency */ = {
			isa = PBXTargetDependency;
			target = 40653D7623DCCDB000178F39 /* PresentationGeneratorSwift */;
			targetProxy = 40653D9923DCCDB200178F39 /* PBXContainerItemProxy */;
		};
/* End PBXTargetDependency section */

/* Begin PBXVariantGroup section */
		40653D8023DCCDB000178F39 /* Main.storyboard */ = {
			isa = PBXVariantGroup;
			children = (
				40653D8123DCCDB000178F39 /* Base */,
			);
			name = Main.storyboard;
			sourceTree = "<group>";
		};
		40653D8523DCCDB100178F39 /* LaunchScreen.storyboard */ = {
			isa = PBXVariantGroup;
			children = (
				40653D8623DCCDB100178F39 /* Base */,
			);
			name = LaunchScreen.storyboard;
			sourceTree = "<group>";
		};
/* End PBXVariantGroup section */

/* Begin XCBuildConfiguration section */
		40653D9F23DCCDB200178F39 /* Debug */ = {
			isa = XCBuildConfiguration;
			buildSettings = {
				ALWAYS_SEARCH_USER_PATHS = NO;
				CLANG_ANALYZER_NONNULL = YES;
				CLANG_ANALYZER_NUMBER_OBJECT_CONVERSION = YES_AGGRESSIVE;
				CLANG_CXX_LANGUAGE_STANDARD = "gnu++14";
				CLANG_CXX_LIBRARY = "libc++";
				CLANG_ENABLE_MODULES = YES;
				CLANG_ENABLE_OBJC_ARC = YES;
				CLANG_ENABLE_OBJC_WEAK = YES;
				CLANG_WARN_BLOCK_CAPTURE_AUTORELEASING = YES;
				CLANG_WARN_BOOL_CONVERSION = YES;
				CLANG_WARN_COMMA = YES;
				CLANG_WARN_CONSTANT_CONVERSION = YES;
				CLANG_WARN_DEPRECATED_OBJC_IMPLEMENTATIONS = YES;
				CLANG_WARN_DIRECT_OBJC_ISA_USAGE = YES_ERROR;
				CLANG_WARN_DOCUMENTATION_COMMENTS = YES;
				CLANG_WARN_EMPTY_BODY = YES;
				CLANG_WARN_ENUM_CONVERSION = YES;
				CLANG_WARN_INFINITE_RECURSION = YES;
				CLANG_WARN_INT_CONVERSION = YES;
				CLANG_WARN_NON_LITERAL_NULL_CONVERSION = YES;
				CLANG_WARN_OBJC_IMPLICIT_RETAIN_SELF = YES;
				CLANG_WARN_OBJC_LITERAL_CONVERSION = YES;
				CLANG_WARN_OBJC_ROOT_CLASS = YES_ERROR;
				CLANG_WARN_RANGE_LOOP_ANALYSIS = YES;
				CLANG_WARN_STRICT_PROTOTYPES = YES;
				CLANG_WARN_SUSPICIOUS_MOVE = YES;
				CLANG_WARN_UNGUARDED_AVAILABILITY = YES_AGGRESSIVE;
				CLANG_WARN_UNREACHABLE_CODE = YES;
				CLANG_WARN__DUPLICATE_METHOD_MATCH = YES;
				COPY_PHASE_STRIP = NO;
				DEBUG_INFORMATION_FORMAT = dwarf;
				ENABLE_STRICT_OBJC_MSGSEND = YES;
				ENABLE_TESTABILITY = YES;
				GCC_C_LANGUAGE_STANDARD = gnu11;
				GCC_DYNAMIC_NO_PIC = NO;
				GCC_NO_COMMON_BLOCKS = YES;
				GCC_OPTIMIZATION_LEVEL = 0;
				GCC_PREPROCESSOR_DEFINITIONS = (
					"DEBUG=1",
					"$(inherited)",
				);
				GCC_WARN_64_TO_32_BIT_CONVERSION = YES;
				GCC_WARN_ABOUT_RETURN_TYPE = YES_ERROR;
				GCC_WARN_UNDECLARED_SELECTOR = YES;
				GCC_WARN_UNINITIALIZED_AUTOS = YES_AGGRESSIVE;
				GCC_WARN_UNUSED_FUNCTION = YES;
				GCC_WARN_UNUSED_VARIABLE = YES;
				IPHONEOS_DEPLOYMENT_TARGET = 13.2;
				MTL_ENABLE_DEBUG_INFO = INCLUDE_SOURCE;
				MTL_FAST_MATH = YES;
				ONLY_ACTIVE_ARCH = YES;
				SDKROOT = iphoneos;
				SWIFT_ACTIVE_COMPILATION_CONDITIONS = DEBUG;
				SWIFT_OPTIMIZATION_LEVEL = "-Onone";
			};
			name = Debug;
		};
		40653DA023DCCDB200178F39 /* Release */ = {
			isa = XCBuildConfiguration;
			buildSettings = {
				ALWAYS_SEARCH_USER_PATHS = NO;
				CLANG_ANALYZER_NONNULL = YES;
				CLANG_ANALYZER_NUMBER_OBJECT_CONVERSION = YES_AGGRESSIVE;
				CLANG_CXX_LANGUAGE_STANDARD = "gnu++14";
				CLANG_CXX_LIBRARY = "libc++";
				CLANG_ENABLE_MODULES = YES;
				CLANG_ENABLE_OBJC_ARC = YES;
				CLANG_ENABLE_OBJC_WEAK = YES;
				CLANG_WARN_BLOCK_CAPTURE_AUTORELEASING = YES;
				CLANG_WARN_BOOL_CONVERSION = YES;
				CLANG_WARN_COMMA = YES;
				CLANG_WARN_CONSTANT_CONVERSION = YES;
				CLANG_WARN_DEPRECATED_OBJC_IMPLEMENTATIONS = YES;
				CLANG_WARN_DIRECT_OBJC_ISA_USAGE = YES_ERROR;
				CLANG_WARN_DOCUMENTATION_COMMENTS = YES;
				CLANG_WARN_EMPTY_BODY = YES;
				CLANG_WARN_ENUM_CONVERSION = YES;
				CLANG_WARN_INFINITE_RECURSION = YES;
				CLANG_WARN_INT_CONVERSION = YES;
				CLANG_WARN_NON_LITERAL_NULL_CONVERSION = YES;
				CLANG_WARN_OBJC_IMPLICIT_RETAIN_SELF = YES;
				CLANG_WARN_OBJC_LITERAL_CONVERSION = YES;
				CLANG_WARN_OBJC_ROOT_CLASS = YES_ERROR;
				CLANG_WARN_RANGE_LOOP_ANALYSIS = YES;
				CLANG_WARN_STRICT_PROTOTYPES = YES;
				CLANG_WARN_SUSPICIOUS_MOVE = YES;
				CLANG_WARN_UNGUARDED_AVAILABILITY = YES_AGGRESSIVE;
				CLANG_WARN_UNREACHABLE_CODE = YES;
				CLANG_WARN__DUPLICATE_METHOD_MATCH = YES;
				COPY_PHASE_STRIP = NO;
				DEBUG_INFORMATION_FORMAT = "dwarf-with-dsym";
				ENABLE_NS_ASSERTIONS = NO;
				ENABLE_STRICT_OBJC_MSGSEND = YES;
				GCC_C_LANGUAGE_STANDARD = gnu11;
				GCC_NO_COMMON_BLOCKS = YES;
				GCC_WARN_64_TO_32_BIT_CONVERSION = YES;
				GCC_WARN_ABOUT_RETURN_TYPE = YES_ERROR;
				GCC_WARN_UNDECLARED_SELECTOR = YES;
				GCC_WARN_UNINITIALIZED_AUTOS = YES_AGGRESSIVE;
				GCC_WARN_UNUSED_FUNCTION = YES;
				GCC_WARN_UNUSED_VARIABLE = YES;
				IPHONEOS_DEPLOYMENT_TARGET = 13.2;
				MTL_ENABLE_DEBUG_INFO = NO;
				MTL_FAST_MATH = YES;
				SDKROOT = iphoneos;
				SWIFT_COMPILATION_MODE = wholemodule;
				SWIFT_OPTIMIZATION_LEVEL = "-O";
				VALIDATE_PRODUCT = YES;
			};
			name = Release;
		};
		40653DA223DCCDB200178F39 /* Debug */ = {
			isa = XCBuildConfiguration;
			buildSettings = {
				ASSETCATALOG_COMPILER_APPICON_NAME = AppIcon;
				CODE_SIGN_STYLE = Automatic;
				DEVELOPMENT_TEAM = FEEKDZ763L;
				INFOPLIST_FILE = PresentationGeneratorSwift/Info.plist;
				LD_RUNPATH_SEARCH_PATHS = (
					"$(inherited)",
					"@executable_path/Frameworks",
				);
				PRODUCT_BUNDLE_IDENTIFIER = TonyChen.PresentationGeneratorSwift;
				PRODUCT_NAME = "$(TARGET_NAME)";
				SWIFT_VERSION = 5.0;
				TARGETED_DEVICE_FAMILY = "1,2";
			};
			name = Debug;
		};
		40653DA323DCCDB200178F39 /* Release */ = {
			isa = XCBuildConfiguration;
			buildSettings = {
				ASSETCATALOG_COMPILER_APPICON_NAME = AppIcon;
				CODE_SIGN_STYLE = Automatic;
				DEVELOPMENT_TEAM = FEEKDZ763L;
				INFOPLIST_FILE = PresentationGeneratorSwift/Info.plist;
				LD_RUNPATH_SEARCH_PATHS = (
					"$(inherited)",
					"@executable_path/Frameworks",
				);
				PRODUCT_BUNDLE_IDENTIFIER = TonyChen.PresentationGeneratorSwift;
				PRODUCT_NAME = "$(TARGET_NAME)";
				SWIFT_VERSION = 5.0;
				TARGETED_DEVICE_FAMILY = "1,2";
			};
			name = Release;
		};
		40653DA523DCCDB200178F39 /* Debug */ = {
			isa = XCBuildConfiguration;
			buildSettings = {
				ALWAYS_EMBED_SWIFT_STANDARD_LIBRARIES = YES;
				BUNDLE_LOADER = "$(TEST_HOST)";
				CODE_SIGN_STYLE = Automatic;
				DEVELOPMENT_TEAM = FEEKDZ763L;
				INFOPLIST_FILE = PresentationGeneratorSwiftTests/Info.plist;
				IPHONEOS_DEPLOYMENT_TARGET = 13.2;
				LD_RUNPATH_SEARCH_PATHS = (
					"$(inherited)",
					"@executable_path/Frameworks",
					"@loader_path/Frameworks",
				);
				PRODUCT_BUNDLE_IDENTIFIER = TonyChen.PresentationGeneratorSwiftTests;
				PRODUCT_NAME = "$(TARGET_NAME)";
				SWIFT_VERSION = 5.0;
				TARGETED_DEVICE_FAMILY = "1,2";
				TEST_HOST = "$(BUILT_PRODUCTS_DIR)/PresentationGeneratorSwift.app/PresentationGeneratorSwift";
			};
			name = Debug;
		};
		40653DA623DCCDB200178F39 /* Release */ = {
			isa = XCBuildConfiguration;
			buildSettings = {
				ALWAYS_EMBED_SWIFT_STANDARD_LIBRARIES = YES;
				BUNDLE_LOADER = "$(TEST_HOST)";
				CODE_SIGN_STYLE = Automatic;
				DEVELOPMENT_TEAM = FEEKDZ763L;
				INFOPLIST_FILE = PresentationGeneratorSwiftTests/Info.plist;
				IPHONEOS_DEPLOYMENT_TARGET = 13.2;
				LD_RUNPATH_SEARCH_PATHS = (
					"$(inherited)",
					"@executable_path/Frameworks",
					"@loader_path/Frameworks",
				);
				PRODUCT_BUNDLE_IDENTIFIER = TonyChen.PresentationGeneratorSwiftTests;
				PRODUCT_NAME = "$(TARGET_NAME)";
				SWIFT_VERSION = 5.0;
				TARGETED_DEVICE_FAMILY = "1,2";
				TEST_HOST = "$(BUILT_PRODUCTS_DIR)/PresentationGeneratorSwift.app/PresentationGeneratorSwift";
			};
			name = Release;
		};
		40653DA823DCCDB200178F39 /* Debug */ = {
			isa = XCBuildConfiguration;
			buildSettings = {
				ALWAYS_EMBED_SWIFT_STANDARD_LIBRARIES = YES;
				CODE_SIGN_STYLE = Automatic;
				DEVELOPMENT_TEAM = FEEKDZ763L;
				INFOPLIST_FILE = PresentationGeneratorSwiftUITests/Info.plist;
				LD_RUNPATH_SEARCH_PATHS = (
					"$(inherited)",
					"@executable_path/Frameworks",
					"@loader_path/Frameworks",
				);
				PRODUCT_BUNDLE_IDENTIFIER = TonyChen.PresentationGeneratorSwiftUITests;
				PRODUCT_NAME = "$(TARGET_NAME)";
				SWIFT_VERSION = 5.0;
				TARGETED_DEVICE_FAMILY = "1,2";
				TEST_TARGET_NAME = PresentationGeneratorSwift;
			};
			name = Debug;
		};
		40653DA923DCCDB200178F39 /* Release */ = {
			isa = XCBuildConfiguration;
			buildSettings = {
				ALWAYS_EMBED_SWIFT_STANDARD_LIBRARIES = YES;
				CODE_SIGN_STYLE = Automatic;
				DEVELOPMENT_TEAM = FEEKDZ763L;
				INFOPLIST_FILE = PresentationGeneratorSwiftUITests/Info.plist;
				LD_RUNPATH_SEARCH_PATHS = (
					"$(inherited)",
					"@executable_path/Frameworks",
					"@loader_path/Frameworks",
				);
				PRODUCT_BUNDLE_IDENTIFIER = TonyChen.PresentationGeneratorSwiftUITests;
				PRODUCT_NAME = "$(TARGET_NAME)";
				SWIFT_VERSION = 5.0;
				TARGETED_DEVICE_FAMILY = "1,2";
				TEST_TARGET_NAME = PresentationGeneratorSwift;
			};
			name = Release;
		};
/* End XCBuildConfiguration section */

/* Begin XCConfigurationList section */
		40653D7223DCCDB000178F39 /* Build configuration list for PBXProject "PresentationGeneratorSwift" */ = {
			isa = XCConfigurationList;
			buildConfigurations = (
				40653D9F23DCCDB200178F39 /* Debug */,
				40653DA023DCCDB200178F39 /* Release */,
			);
			defaultConfigurationIsVisible = 0;
			defaultConfigurationName = Release;
		};
		40653DA123DCCDB200178F39 /* Build configuration list for PBXNativeTarget "PresentationGeneratorSwift" */ = {
			isa = XCConfigurationList;
			buildConfigurations = (
				40653DA223DCCDB200178F39 /* Debug */,
				40653DA323DCCDB200178F39 /* Release */,
			);
			defaultConfigurationIsVisible = 0;
			defaultConfigurationName = Release;
		};
		40653DA423DCCDB200178F39 /* Build configuration list for PBXNativeTarget "PresentationGeneratorSwiftTests" */ = {
			isa = XCConfigurationList;
			buildConfigurations = (
				40653DA523DCCDB200178F39 /* Debug */,
				40653DA623DCCDB200178F39 /* Release */,
			);
			defaultConfigurationIsVisible = 0;
			defaultConfigurationName = Release;
		};
		40653DA723DCCDB200178F39 /* Build configuration list for PBXNativeTarget "PresentationGeneratorSwiftUITests" */ = {
			isa = XCConfigurationList;
			buildConfigurations = (
				40653DA823DCCDB200178F39 /* Debug */,
				40653DA923DCCDB200178F39 /* Release */,
			);
			defaultConfigurationIsVisible = 0;
			defaultConfigurationName = Release;
		};
/* End XCConfigurationList section */
	};
	rootObject = 40653D6F23DCCDB000178F39 /* Project object */;
}
